
Microsoft Visual Studio Solution File, Format Version 12.00
# Visual Studio Version 16
VisualStudioVersion = 16.0.29519.181
MinimumVisualStudioVersion = 10.0.40219.1
Project("{FAE04EC0-301F-11D3-BF4B-00C04F79EFBC}") = "Judo", "Judo.csproj", "{938EBBF6-B720-488F-9725-6E146F510BEE}"
EndProject
Global
	GlobalSection(SolutionConfigurationPlatforms) = preSolution
		Debug|Any CPU = Debug|Any CPU
		Release|Any CPU = Release|Any CPU
	EndGlobalSection
	GlobalSection(ProjectConfigurationPlatforms) = postSolution
		{938EBBF6-B720-488F-9725-6E146F510BEE}.Debug|Any CPU.ActiveCfg = Debug|Any CPU
		{938EBBF6-B720-488F-9725-6E146F510BEE}.Debug|Any CPU.Build.0 = Debug|Any CPU
		{938EBBF6-B720-488F-9725-6E146F510BEE}.Release|Any CPU.ActiveCfg = Release|Any CPU
		{938EBBF6-B720-488F-9725-6E146F510BEE}.Release|Any CPU.Build.0 = Release|Any CPU
	EndGlobalSection
	GlobalSection(SolutionProperties) = preSolution
		HideSolutionNode = FALSE
	EndGlobalSection
	GlobalSection(ExtensibilityGlobals) = postSolution
		SolutionGuid = {852F990E-C0BD-43F7-AC82-538325A26AC8}
	EndGlobalSection
EndGlobal
